
Microsoft Visual Studio Solution File, Format Version 12.00
# Visual Studio Version 17
VisualStudioVersion = 17.0.31903.59
MinimumVisualStudioVersion = 10.0.40219.1
Project("{FAE04EC0-301F-11D3-BF4B-00C04F79EFBC}") = "HrPortal.Api", "HrPortal.Api\HrPortal.Api.csproj", "{5CE66FE6-2DA7-4DA0-B02C-88F3874F4CB9}"
EndProject
Project("{FAE04EC0-301F-11D3-BF4B-00C04F79EFBC}") = "HrPortal.Ui", "HrPortal.Ui\HrPortal.Ui.csproj", "{728D663A-231F-4734-87D6-B1C2E91E6333}"
EndProject
Project("{FAE04EC0-301F-11D3-BF4B-00C04F79EFBC}") = "HrPortal.Domain", "HrPortal.Domain\HrPortal.Domain.csproj", "{78AAD44D-71A1-47C5-80F2-877A2121363F}"
EndProject
Global
	GlobalSection(SolutionConfigurationPlatforms) = preSolution
		Debug|Any CPU = Debug|Any CPU
		Release|Any CPU = Release|Any CPU
	EndGlobalSection
	GlobalSection(SolutionProperties) = preSolution
		HideSolutionNode = FALSE
	EndGlobalSection
	GlobalSection(ProjectConfigurationPlatforms) = postSolution
		{5CE66FE6-2DA7-4DA0-B02C-88F3874F4CB9}.Debug|Any CPU.ActiveCfg = Debug|Any CPU
		{5CE66FE6-2DA7-4DA0-B02C-88F3874F4CB9}.Debug|Any CPU.Build.0 = Debug|Any CPU
		{5CE66FE6-2DA7-4DA0-B02C-88F3874F4CB9}.Release|Any CPU.ActiveCfg = Release|Any CPU
		{5CE66FE6-2DA7-4DA0-B02C-88F3874F4CB9}.Release|Any CPU.Build.0 = Release|Any CPU
		{728D663A-231F-4734-87D6-B1C2E91E6333}.Debug|Any CPU.ActiveCfg = Debug|Any CPU
		{728D663A-231F-4734-87D6-B1C2E91E6333}.Debug|Any CPU.Build.0 = Debug|Any CPU
		{728D663A-231F-4734-87D6-B1C2E91E6333}.Release|Any CPU.ActiveCfg = Release|Any CPU
		{728D663A-231F-4734-87D6-B1C2E91E6333}.Release|Any CPU.Build.0 = Release|Any CPU
		{78AAD44D-71A1-47C5-80F2-877A2121363F}.Debug|Any CPU.ActiveCfg = Debug|Any CPU
		{78AAD44D-71A1-47C5-80F2-877A2121363F}.Debug|Any CPU.Build.0 = Debug|Any CPU
		{78AAD44D-71A1-47C5-80F2-877A2121363F}.Release|Any CPU.ActiveCfg = Release|Any CPU
		{78AAD44D-71A1-47C5-80F2-877A2121363F}.Release|Any CPU.Build.0 = Release|Any CPU
	EndGlobalSection
EndGlobal
